
Microsoft Visual Studio Solution File, Format Version 12.00
# Visual Studio Version 16
VisualStudioVersion = 16.0.30611.23
MinimumVisualStudioVersion = 10.0.40219.1
Project("{FAE04EC0-301F-11D3-BF4B-00C04F79EFBC}") = "Final Lab 7", "Final Lab 7\Final Lab 7.csproj", "{06BA564A-27CF-486D-8065-6B9077E50A43}"
EndProject
Global
	GlobalSection(SolutionConfigurationPlatforms) = preSolution
		Debug|Any CPU = Debug|Any CPU
		Release|Any CPU = Release|Any CPU
	EndGlobalSection
	GlobalSection(ProjectConfigurationPlatforms) = postSolution
		{06BA564A-27CF-486D-8065-6B9077E50A43}.Debug|Any CPU.ActiveCfg = Debug|Any CPU
		{06BA564A-27CF-486D-8065-6B9077E50A43}.Debug|Any CPU.Build.0 = Debug|Any CPU
		{06BA564A-27CF-486D-8065-6B9077E50A43}.Release|Any CPU.ActiveCfg = Release|Any CPU
		{06BA564A-27CF-486D-8065-6B9077E50A43}.Release|Any CPU.Build.0 = Release|Any CPU
	EndGlobalSection
	GlobalSection(SolutionProperties) = preSolution
		HideSolutionNode = FALSE
	EndGlobalSection
	GlobalSection(ExtensibilityGlobals) = postSolution
		SolutionGuid = {59DD8A32-1B1B-4E15-8CFC-6932AFF2FB4E}
	EndGlobalSection
EndGlobal
